
Microsoft Visual Studio Solution File, Format Version 12.00
# Visual Studio Version 17
VisualStudioVersion = 17.0.31903.59
MinimumVisualStudioVersion = 10.0.40219.1
Project("{9A19103F-16F7-4668-BE54-9A1E7A4F7556}") = "Homework11.Oop", "Homework11.Oop\Homework11.Oop.csproj", "{67FC8F77-53C1-43C4-AFE0-8C352F30EDB0}"
EndProject
Project("{FAE04EC0-301F-11D3-BF4B-00C04F79EFBC}") = "Homework11.Oop.UI", "Homework11.Oop.UI\Homework11.Oop.UI.csproj", "{D8BB1B15-71E5-4CEC-82C9-468068E9AFCC}"
EndProject
Global
	GlobalSection(SolutionConfigurationPlatforms) = preSolution
		Debug|Any CPU = Debug|Any CPU
		Release|Any CPU = Release|Any CPU
	EndGlobalSection
	GlobalSection(ProjectConfigurationPlatforms) = postSolution
		{67FC8F77-53C1-43C4-AFE0-8C352F30EDB0}.Debug|Any CPU.ActiveCfg = Debug|Any CPU
		{67FC8F77-53C1-43C4-AFE0-8C352F30EDB0}.Debug|Any CPU.Build.0 = Debug|Any CPU
		{67FC8F77-53C1-43C4-AFE0-8C352F30EDB0}.Release|Any CPU.ActiveCfg = Release|Any CPU
		{67FC8F77-53C1-43C4-AFE0-8C352F30EDB0}.Release|Any CPU.Build.0 = Release|Any CPU
		{D8BB1B15-71E5-4CEC-82C9-468068E9AFCC}.Debug|Any CPU.ActiveCfg = Debug|Any CPU
		{D8BB1B15-71E5-4CEC-82C9-468068E9AFCC}.Debug|Any CPU.Build.0 = Debug|Any CPU
		{D8BB1B15-71E5-4CEC-82C9-468068E9AFCC}.Release|Any CPU.ActiveCfg = Release|Any CPU
		{D8BB1B15-71E5-4CEC-82C9-468068E9AFCC}.Release|Any CPU.Build.0 = Release|Any CPU
	EndGlobalSection
	GlobalSection(SolutionProperties) = preSolution
		HideSolutionNode = FALSE
	EndGlobalSection
	GlobalSection(ExtensibilityGlobals) = postSolution
		SolutionGuid = {E570593D-30DA-4FFF-B5AE-3286CE55F7E8}
	EndGlobalSection
EndGlobal
